PODS:
  - FlutterMacOS (1.0.0)
  - whisper_ggml (1.0.0):
    - FlutterMacOS

DEPENDENCIES:
  - FlutterMacOS (from `Flutter/ephemeral`)
  - whisper_ggml (from `Flutter/ephemeral/.symlinks/plugins/whisper_ggml/macos`)

EXTERNAL SOURCES:
  FlutterMacOS:
    :path: Flutter/ephemeral
  whisper_ggml:
    :path: Flutter/ephemeral/.symlinks/plugins/whisper_ggml/macos

SPEC CHECKSUMS:
  FlutterMacOS: d0db08ddef1a9af05a5ec4b724367152bb0500b1
  whisper_ggml: e5e0ee0c5b0f0485b9659f4ebcd340b7ceb94fac

PODFILE CHECKSUM: 5efa278c30fe97e3661b2650dca29d1974dc1cd2

COCOAPODS: 1.17.0
